
Microsoft Visual Studio Solution File, Format Version 12.00
# Visual Studio 15
VisualStudioVersion = 15.0.27004.2002
MinimumVisualStudioVersion = 10.0.40219.1
Project("{9A19103F-16F7-4668-BE54-9A1E7A4F7556}") = "IOC", "IOC\IOC.csproj", "{891DA9ED-882D-43FE-B7F7-6F0FBABEC6CF}"
EndProject
Project("{FAE04EC0-301F-11D3-BF4B-00C04F79EFBC}") = "NativeIOC", "NativeIOC\NativeIOC.csproj", "{7892CA0F-FF44-497E-BC2F-A63E72A9259C}"
EndProject
Global
	GlobalSection(SolutionConfigurationPlatforms) = preSolution
		Debug|Any CPU = Debug|Any CPU
		Release|Any CPU = Release|Any CPU
	EndGlobalSection
	GlobalSection(ProjectConfigurationPlatforms) = postSolution
		{891DA9ED-882D-43FE-B7F7-6F0FBABEC6CF}.Debug|Any CPU.ActiveCfg = Debug|Any CPU
		{891DA9ED-882D-43FE-B7F7-6F0FBABEC6CF}.Debug|Any CPU.Build.0 = Debug|Any CPU
		{891DA9ED-882D-43FE-B7F7-6F0FBABEC6CF}.Release|Any CPU.ActiveCfg = Release|Any CPU
		{891DA9ED-882D-43FE-B7F7-6F0FBABEC6CF}.Release|Any CPU.Build.0 = Release|Any CPU
		{7892CA0F-FF44-497E-BC2F-A63E72A9259C}.Debug|Any CPU.ActiveCfg = Debug|Any CPU
		{7892CA0F-FF44-497E-BC2F-A63E72A9259C}.Debug|Any CPU.Build.0 = Debug|Any CPU
		{7892CA0F-FF44-497E-BC2F-A63E72A9259C}.Release|Any CPU.ActiveCfg = Release|Any CPU
		{7892CA0F-FF44-497E-BC2F-A63E72A9259C}.Release|Any CPU.Build.0 = Release|Any CPU
	EndGlobalSection
	GlobalSection(SolutionProperties) = preSolution
		HideSolutionNode = FALSE
	EndGlobalSection
	GlobalSection(ExtensibilityGlobals) = postSolution
		SolutionGuid = {A78610E3-C88F-4DD0-82AA-2DAFE3D374A3}
	EndGlobalSection
EndGlobal
