
Microsoft Visual Studio Solution File, Format Version 12.00
# Visual Studio 15
VisualStudioVersion = 15.0.27004.2009
MinimumVisualStudioVersion = 10.0.40219.1
Project("{9A19103F-16F7-4668-BE54-9A1E7A4F7556}") = "InjecaoPropriedade", "InjecaoPropriedade\InjecaoPropriedade.csproj", "{6E566BA2-DD37-4D88-BDD5-E7A2D6CA2B7F}"
EndProject
Project("{9A19103F-16F7-4668-BE54-9A1E7A4F7556}") = "InjecaoInterface", "InjecaoInterface\InjecaoInterface.csproj", "{0C033193-A484-4BC1-B858-B7A7573CD5C2}"
EndProject
Project("{9A19103F-16F7-4668-BE54-9A1E7A4F7556}") = "InjecaoFramework", "InjecaoFramework\InjecaoFramework.csproj", "{8B44CA2B-E5C4-48AD-AA09-67AE931D6D6C}"
EndProject
Project("{9A19103F-16F7-4668-BE54-9A1E7A4F7556}") = "InjecaoConstrutor", "InjecaoConstrutor\InjecaoConstrutor.csproj", "{E8C81C36-C8DE-4714-BAC6-4D3CBC2F62E9}"
EndProject
Project("{FAE04EC0-301F-11D3-BF4B-00C04F79EFBC}") = "MicrosoftExtension", "microsoftwareExtension\MicrosoftExtension.csproj", "{7B1896F2-4D1C-4CFE-920A-8D478CB5160E}"
EndProject
Global
	GlobalSection(SolutionConfigurationPlatforms) = preSolution
		Debug|Any CPU = Debug|Any CPU
		Release|Any CPU = Release|Any CPU
	EndGlobalSection
	GlobalSection(ProjectConfigurationPlatforms) = postSolution
		{6E566BA2-DD37-4D88-BDD5-E7A2D6CA2B7F}.Debug|Any CPU.ActiveCfg = Debug|Any CPU
		{6E566BA2-DD37-4D88-BDD5-E7A2D6CA2B7F}.Debug|Any CPU.Build.0 = Debug|Any CPU
		{6E566BA2-DD37-4D88-BDD5-E7A2D6CA2B7F}.Release|Any CPU.ActiveCfg = Release|Any CPU
		{6E566BA2-DD37-4D88-BDD5-E7A2D6CA2B7F}.Release|Any CPU.Build.0 = Release|Any CPU
		{0C033193-A484-4BC1-B858-B7A7573CD5C2}.Debug|Any CPU.ActiveCfg = Debug|Any CPU
		{0C033193-A484-4BC1-B858-B7A7573CD5C2}.Debug|Any CPU.Build.0 = Debug|Any CPU
		{0C033193-A484-4BC1-B858-B7A7573CD5C2}.Release|Any CPU.ActiveCfg = Release|Any CPU
		{0C033193-A484-4BC1-B858-B7A7573CD5C2}.Release|Any CPU.Build.0 = Release|Any CPU
		{8B44CA2B-E5C4-48AD-AA09-67AE931D6D6C}.Debug|Any CPU.ActiveCfg = Debug|Any CPU
		{8B44CA2B-E5C4-48AD-AA09-67AE931D6D6C}.Debug|Any CPU.Build.0 = Debug|Any CPU
		{8B44CA2B-E5C4-48AD-AA09-67AE931D6D6C}.Release|Any CPU.ActiveCfg = Release|Any CPU
		{8B44CA2B-E5C4-48AD-AA09-67AE931D6D6C}.Release|Any CPU.Build.0 = Release|Any CPU
		{E8C81C36-C8DE-4714-BAC6-4D3CBC2F62E9}.Debug|Any CPU.ActiveCfg = Debug|Any CPU
		{E8C81C36-C8DE-4714-BAC6-4D3CBC2F62E9}.Debug|Any CPU.Build.0 = Debug|Any CPU
		{E8C81C36-C8DE-4714-BAC6-4D3CBC2F62E9}.Release|Any CPU.ActiveCfg = Release|Any CPU
		{E8C81C36-C8DE-4714-BAC6-4D3CBC2F62E9}.Release|Any CPU.Build.0 = Release|Any CPU
		{7B1896F2-4D1C-4CFE-920A-8D478CB5160E}.Debug|Any CPU.ActiveCfg = Debug|Any CPU
		{7B1896F2-4D1C-4CFE-920A-8D478CB5160E}.Debug|Any CPU.Build.0 = Debug|Any CPU
		{7B1896F2-4D1C-4CFE-920A-8D478CB5160E}.Release|Any CPU.ActiveCfg = Release|Any CPU
		{7B1896F2-4D1C-4CFE-920A-8D478CB5160E}.Release|Any CPU.Build.0 = Release|Any CPU
	EndGlobalSection
	GlobalSection(SolutionProperties) = preSolution
		HideSolutionNode = FALSE
	EndGlobalSection
	GlobalSection(ExtensibilityGlobals) = postSolution
		SolutionGuid = {3D102F69-8ECF-4D5E-A1C5-5D1F50CF7EB1}
	EndGlobalSection
EndGlobal
