
Microsoft Visual Studio Solution File, Format Version 12.00
# Visual Studio 15
VisualStudioVersion = 15.0.26430.6
MinimumVisualStudioVersion = 10.0.40219.1
Project("{FAE04EC0-301F-11D3-BF4B-00C04F79EFBC}") = "InjecaoConstrutor", "App\InjecaoConstrutor.csproj", "{C21F9E8C-554A-441F-83D4-3739A5EF34F9}"
EndProject
Project("{FAE04EC0-301F-11D3-BF4B-00C04F79EFBC}") = "InjecaoPropriedade", "InjecaoPropriedade\InjecaoPropriedade.csproj", "{6E566BA2-DD37-4D88-BDD5-E7A2D6CA2B7F}"
EndProject
Project("{FAE04EC0-301F-11D3-BF4B-00C04F79EFBC}") = "InjecaoInterface", "InjecaoInterface\InjecaoInterface.csproj", "{0C033193-A484-4BC1-B858-B7A7573CD5C2}"
EndProject
Project("{FAE04EC0-301F-11D3-BF4B-00C04F79EFBC}") = "InjecaoFramework", "InjecaoFramework\InjecaoFramework.csproj", "{8B44CA2B-E5C4-48AD-AA09-67AE931D6D6C}"
EndProject
Global
	GlobalSection(SolutionConfigurationPlatforms) = preSolution
		Debug|Any CPU = Debug|Any CPU
		Release|Any CPU = Release|Any CPU
	EndGlobalSection
	GlobalSection(ProjectConfigurationPlatforms) = postSolution
		{C21F9E8C-554A-441F-83D4-3739A5EF34F9}.Debug|Any CPU.ActiveCfg = Debug|Any CPU
		{C21F9E8C-554A-441F-83D4-3739A5EF34F9}.Debug|Any CPU.Build.0 = Debug|Any CPU
		{C21F9E8C-554A-441F-83D4-3739A5EF34F9}.Release|Any CPU.ActiveCfg = Release|Any CPU
		{C21F9E8C-554A-441F-83D4-3739A5EF34F9}.Release|Any CPU.Build.0 = Release|Any CPU
		{6E566BA2-DD37-4D88-BDD5-E7A2D6CA2B7F}.Debug|Any CPU.ActiveCfg = Debug|Any CPU
		{6E566BA2-DD37-4D88-BDD5-E7A2D6CA2B7F}.Debug|Any CPU.Build.0 = Debug|Any CPU
		{6E566BA2-DD37-4D88-BDD5-E7A2D6CA2B7F}.Release|Any CPU.ActiveCfg = Release|Any CPU
		{6E566BA2-DD37-4D88-BDD5-E7A2D6CA2B7F}.Release|Any CPU.Build.0 = Release|Any CPU
		{0C033193-A484-4BC1-B858-B7A7573CD5C2}.Debug|Any CPU.ActiveCfg = Debug|Any CPU
		{0C033193-A484-4BC1-B858-B7A7573CD5C2}.Debug|Any CPU.Build.0 = Debug|Any CPU
		{0C033193-A484-4BC1-B858-B7A7573CD5C2}.Release|Any CPU.ActiveCfg = Release|Any CPU
		{0C033193-A484-4BC1-B858-B7A7573CD5C2}.Release|Any CPU.Build.0 = Release|Any CPU
		{8B44CA2B-E5C4-48AD-AA09-67AE931D6D6C}.Debug|Any CPU.ActiveCfg = Debug|Any CPU
		{8B44CA2B-E5C4-48AD-AA09-67AE931D6D6C}.Debug|Any CPU.Build.0 = Debug|Any CPU
		{8B44CA2B-E5C4-48AD-AA09-67AE931D6D6C}.Release|Any CPU.ActiveCfg = Release|Any CPU
		{8B44CA2B-E5C4-48AD-AA09-67AE931D6D6C}.Release|Any CPU.Build.0 = Release|Any CPU
	EndGlobalSection
	GlobalSection(SolutionProperties) = preSolution
		HideSolutionNode = FALSE
	EndGlobalSection
EndGlobal
